
Microsoft Visual Studio Solution File, Format Version 12.00
# Visual Studio Version 16
VisualStudioVersion = 16.0.31624.102
MinimumVisualStudioVersion = 10.0.40219.1
Project("{9A19103F-16F7-4668-BE54-9A1E7A4F7556}") = "Roulette007", "007\Roulette007.csproj", "{D63951ED-C926-43D8-A415-410DA18E9046}"
EndProject
Global
	GlobalSection(SolutionConfigurationPlatforms) = preSolution
		Debug|Any CPU = Debug|Any CPU
		Release|Any CPU = Release|Any CPU
	EndGlobalSection
	GlobalSection(ProjectConfigurationPlatforms) = postSolution
		{D63951ED-C926-43D8-A415-410DA18E9046}.Debug|Any CPU.ActiveCfg = Debug|Any CPU
		{D63951ED-C926-43D8-A415-410DA18E9046}.Debug|Any CPU.Build.0 = Debug|Any CPU
		{D63951ED-C926-43D8-A415-410DA18E9046}.Release|Any CPU.ActiveCfg = Release|Any CPU
		{D63951ED-C926-43D8-A415-410DA18E9046}.Release|Any CPU.Build.0 = Release|Any CPU
	EndGlobalSection
	GlobalSection(SolutionProperties) = preSolution
		HideSolutionNode = FALSE
	EndGlobalSection
	GlobalSection(ExtensibilityGlobals) = postSolution
		SolutionGuid = {C52E24F5-CE9A-44F5-9D3F-A3CA510581F2}
	EndGlobalSection
EndGlobal
